
Microsoft Visual Studio Solution File, Format Version 12.00
# Visual Studio Version 16
VisualStudioVersion = 16.0.30717.126
MinimumVisualStudioVersion = 10.0.40219.1
Project("{9A19103F-16F7-4668-BE54-9A1E7A4F7556}") = "Solitaire", "Solitaire.csproj", "{9AF88770-8E4C-4A03-93E1-9E6F7DF68108}"
EndProject
Project("{2150E333-8FDC-42A3-9474-1A3956D46DE8}") = "Solution Items", "Solution Items", "{6BE5C9CF-C411-4C54-92F4-7AD93234CD3F}"
	ProjectSection(SolutionItems) = preProject
		.editorconfig = .editorconfig
	EndProjectSection
EndProject
Global
	GlobalSection(SolutionConfigurationPlatforms) = preSolution
		Debug|Any CPU = Debug|Any CPU
		Release|Any CPU = Release|Any CPU
	EndGlobalSection
	GlobalSection(ProjectConfigurationPlatforms) = postSolution
		{9AF88770-8E4C-4A03-93E1-9E6F7DF68108}.Debug|Any CPU.ActiveCfg = Debug|Any CPU
		{9AF88770-8E4C-4A03-93E1-9E6F7DF68108}.Debug|Any CPU.Build.0 = Debug|Any CPU
		{9AF88770-8E4C-4A03-93E1-9E6F7DF68108}.Release|Any CPU.ActiveCfg = Release|Any CPU
		{9AF88770-8E4C-4A03-93E1-9E6F7DF68108}.Release|Any CPU.Build.0 = Release|Any CPU
	EndGlobalSection
	GlobalSection(SolutionProperties) = preSolution
		HideSolutionNode = FALSE
	EndGlobalSection
	GlobalSection(ExtensibilityGlobals) = postSolution
		SolutionGuid = {F895B81C-0F02-43F7-8310-97C8FBAD6B4D}
	EndGlobalSection
EndGlobal
